
Microsoft Visual Studio Solution File, Format Version 12.00
# Visual Studio Version 16
VisualStudioVersion = 16.0.31729.503
MinimumVisualStudioVersion = 10.0.40219.1
Project("{FAE04EC0-301F-11D3-BF4B-00C04F79EFBC}") = "SchedulingApplication_RevA", "SchedulingApplication_RevA.csproj", "{4053531C-1532-4D0C-9E48-5B50BF5B7FAF}"
EndProject
Global
	GlobalSection(SolutionConfigurationPlatforms) = preSolution
		Debug|Any CPU = Debug|Any CPU
		Release|Any CPU = Release|Any CPU
	EndGlobalSection
	GlobalSection(ProjectConfigurationPlatforms) = postSolution
		{4053531C-1532-4D0C-9E48-5B50BF5B7FAF}.Debug|Any CPU.ActiveCfg = Debug|Any CPU
		{4053531C-1532-4D0C-9E48-5B50BF5B7FAF}.Debug|Any CPU.Build.0 = Debug|Any CPU
		{4053531C-1532-4D0C-9E48-5B50BF5B7FAF}.Release|Any CPU.ActiveCfg = Release|Any CPU
		{4053531C-1532-4D0C-9E48-5B50BF5B7FAF}.Release|Any CPU.Build.0 = Release|Any CPU
	EndGlobalSection
	GlobalSection(SolutionProperties) = preSolution
		HideSolutionNode = FALSE
	EndGlobalSection
	GlobalSection(ExtensibilityGlobals) = postSolution
		SolutionGuid = {B9FB1B12-29FA-4B62-865B-EA4CB5C26D8B}
	EndGlobalSection
EndGlobal
